
Microsoft Visual Studio Solution File, Format Version 12.00
# Visual Studio 15
VisualStudioVersion = 15.0.28010.2048
MinimumVisualStudioVersion = 10.0.40219.1
Project("{FAE04EC0-301F-11D3-BF4B-00C04F79EFBC}") = "DövizKurlari", "DövizKurlari\DövizKurlari.csproj", "{3235ABEE-7231-4510-AF25-09842BB00FC6}"
EndProject
Project("{FAE04EC0-301F-11D3-BF4B-00C04F79EFBC}") = "DövizKurlarıDataSource", "DövizKurlarıDataSource\DövizKurlarıDataSource.csproj", "{D5693FC7-01A7-444B-A62E-B82758819A62}"
EndProject
Global
	GlobalSection(SolutionConfigurationPlatforms) = preSolution
		Debug|Any CPU = Debug|Any CPU
		Release|Any CPU = Release|Any CPU
	EndGlobalSection
	GlobalSection(ProjectConfigurationPlatforms) = postSolution
		{3235ABEE-7231-4510-AF25-09842BB00FC6}.Debug|Any CPU.ActiveCfg = Debug|Any CPU
		{3235ABEE-7231-4510-AF25-09842BB00FC6}.Debug|Any CPU.Build.0 = Debug|Any CPU
		{3235ABEE-7231-4510-AF25-09842BB00FC6}.Release|Any CPU.ActiveCfg = Release|Any CPU
		{3235ABEE-7231-4510-AF25-09842BB00FC6}.Release|Any CPU.Build.0 = Release|Any CPU
		{D5693FC7-01A7-444B-A62E-B82758819A62}.Debug|Any CPU.ActiveCfg = Debug|Any CPU
		{D5693FC7-01A7-444B-A62E-B82758819A62}.Debug|Any CPU.Build.0 = Debug|Any CPU
		{D5693FC7-01A7-444B-A62E-B82758819A62}.Release|Any CPU.ActiveCfg = Release|Any CPU
		{D5693FC7-01A7-444B-A62E-B82758819A62}.Release|Any CPU.Build.0 = Release|Any CPU
	EndGlobalSection
	GlobalSection(SolutionProperties) = preSolution
		HideSolutionNode = FALSE
	EndGlobalSection
	GlobalSection(ExtensibilityGlobals) = postSolution
		SolutionGuid = {A928EDA7-5E64-4579-8EE2-408B4BD2EA3F}
	EndGlobalSection
EndGlobal
